{
  "name": "DemoApp",
  "lockfileVersion": 3,
  "requires": true,
  "packages": {
    "": {
      "dependencies": {
        "@auth0/auth0-angular": "^2.1.0"
      }
    },
    "node_modules/@angular/common": {
      "version": "16.1.1",
      "resolved": "https://registry.npmjs.org/@angular/common/-/common-16.1.1.tgz",
      "integrity": "sha512-qsMYqk7U7IcuE8swJ7Sppv0MkYBTfzrsq5jfAaAZYw035Po5FfxkFrh/Pmgp7QZndCsO9H+03JLH03jzuIqfrw==",
      "peer": true,
      "dependencies": {
        "tslib": "^2.3.0"
      },
      "engines": {
        "node": "^16.14.0 || >=18.10.0"
      },
      "peerDependencies": {
        "@angular/core": "16.1.1",
        "rxjs": "^6.5.3 || ^7.4.0"
      }
    },
    "node_modules/@angular/core": {
      "version": "16.1.1",
      "resolved": "https://registry.npmjs.org/@angular/core/-/core-16.1.1.tgz",
      "integrity": "sha512-hi0O2Gc0L4PavczQweC9cxVfdemXj76wfJ3GjtUP+f9I4uKLBQ6/JABExRIoW9eY0rK5fZgYP0IeCYisW4gxnQ==",
      "peer": true,
      "dependencies": {
        "tslib": "^2.3.0"
      },
      "engines": {
        "node": "^16.14.0 || >=18.10.0"
      },
      "peerDependencies": {
        "rxjs": "^6.5.3 || ^7.4.0",
        "zone.js": "~0.13.0"
      }
    },
    "node_modules/@angular/platform-browser": {
      "version": "16.1.1",
      "resolved": "https://registry.npmjs.org/@angular/platform-browser/-/platform-browser-16.1.1.tgz",
      "integrity": "sha512-9zeB64wbAsoun7+rP6G8e1TY+1nC0sEaGdLzBv9ohOrFgkl8XgM+uNDiwkDLsBJkv10d2n6Tw14M9GaCL9AhVw==",
      "peer": true,
      "dependencies": {
        "tslib": "^2.3.0"
      },
      "engines": {
        "node": "^16.14.0 || >=18.10.0"
      },
      "peerDependencies": {
        "@angular/animations": "16.1.1",
        "@angular/common": "16.1.1",
        "@angular/core": "16.1.1"
      },
      "peerDependenciesMeta": {
        "@angular/animations": {
          "optional": true
        }
      }
    },
    "node_modules/@angular/router": {
      "version": "16.1.1",
      "resolved": "https://registry.npmjs.org/@angular/router/-/router-16.1.1.tgz",
      "integrity": "sha512-02sTolkyPM/gJ9uJQtZkWujoi1LhH8qsIi2bexSC6cpNTeFnGyr7iFd1lWg+xDtV4PLPgH94Ai/aJN0DNg2I8Q==",
      "peer": true,
      "dependencies": {
        "tslib": "^2.3.0"
      },
      "engines": {
        "node": "^16.14.0 || >=18.10.0"
      },
      "peerDependencies": {
        "@angular/common": "16.1.1",
        "@angular/core": "16.1.1",
        "@angular/platform-browser": "16.1.1",
        "rxjs": "^6.5.3 || ^7.4.0"
      }
    },
    "node_modules/@auth0/auth0-angular": {
      "version": "2.1.0",
      "resolved": "https://registry.npmjs.org/@auth0/auth0-angular/-/auth0-angular-2.1.0.tgz",
      "integrity": "sha512-9lFBwmaBj9043mlqxfeIQH82uba7A43qkOZHcFXl5MY+i3b4V/DjU+OsQq7N4ToqREywZmsKVcsKrgGUhGeFpA==",
      "dependencies": {
        "@auth0/auth0-spa-js": "^2.0.1",
        "tslib": "^2.0.0"
      },
      "peerDependencies": {
        "@angular/common": ">=13",
        "@angular/core": ">=13",
        "@angular/router": ">=13"
      }
    },
    "node_modules/@auth0/auth0-spa-js": {
      "version": "2.0.8",
      "resolved": "https://registry.npmjs.org/@auth0/auth0-spa-js/-/auth0-spa-js-2.0.8.tgz",
      "integrity": "sha512-qCgWZS58S69WCg2ybd+SDiaw3ahBVJ4/tSFWMtIpc//Fq8kRHGwMOmgpNKVAFrpHG0ck2oWFGrpylxoto8Z0mA=="
    },
    "node_modules/rxjs": {
      "version": "7.8.0",
      "license": "Apache-2.0",
      "peer": true,
      "dependencies": {
        "tslib": "^2.1.0"
      }
    },
    "node_modules/tslib": {
      "version": "2.5.0",
      "license": "0BSD"
    },
    "node_modules/zone.js": {
      "version": "0.13.0",
      "license": "MIT",
      "peer": true,
      "dependencies": {
        "tslib": "^2.3.0"
      }
    }
  }
}
